// !$*UTF8*$!
{
	archiveVersion = 1;
	classes = {
	};
	objectVersion = 48;
	objects = {

/* Begin PBXBuildFile section */
		6B25651821A5329500BFBF94 /* AppDelegate.swift in Sources */ = {isa = PBXBuildFile; fileRef = 6B25651721A5329500BFBF94 /* AppDelegate.swift */; };
		6B25651A21A5329500BFBF94 /* ViewController.swift in Sources */ = {isa = PBXBuildFile; fileRef = 6B25651921A5329500BFBF94 /* ViewController.swift */; };
		6B25651D21A5329500BFBF94 /* Main.storyboard in Resources */ = {isa = PBXBuildFile; fileRef = 6B25651B21A5329500BFBF94 /* Main.storyboard */; };
		6B25652021A5329500BFBF94 /* GitSmaple.xcdatamodeld in Sources */ = {isa = PBXBuildFile; fileRef = 6B25651E21A5329500BFBF94 /* GitSmaple.xcdatamodeld */; };
		6B25652221A5329500BFBF94 /* Assets.xcassets in Resources */ = {isa = PBXBuildFile; fileRef = 6B25652121A5329500BFBF94 /* Assets.xcassets */; };
		6B25652521A5329500BFBF94 /* LaunchScreen.storyboard in Resources */ = {isa = PBXBuildFile; fileRef = 6B25652321A5329500BFBF94 /* LaunchScreen.storyboard */; };
/* End PBXBuildFile section */

/* Begin PBXFileReference section */
		6B25651421A5329500BFBF94 /* GitSmaple.app */ = {isa = PBXFileReference; explicitFileType = wrapper.application; includeInIndex = 0; path = GitSmaple.app; sourceTree = BUILT_PRODUCTS_DIR; };
		6B25651721A5329500BFBF94 /* AppDelegate.swift */ = {isa = PBXFileReference; lastKnownFileType = sourcecode.swift; path = AppDelegate.swift; sourceTree = "<group>"; };
		6B25651921A5329500BFBF94 /* ViewController.swift */ = {isa = PBXFileReference; lastKnownFileType = sourcecode.swift; path = ViewController.swift; sourceTree = "<group>"; };
		6B25651C21A5329500BFBF94 /* Base */ = {isa = PBXFileReference; lastKnownFileType = file.storyboard; name = Base; path = Base.lproj/Main.storyboard; sourceTree = "<group>"; };
		6B25651F21A5329500BFBF94 /* GitSmaple.xcdatamodel */ = {isa = PBXFileReference; lastKnownFileType = wrapper.xcdatamodel; path = GitSmaple.xcdatamodel; sourceTree = "<group>"; };
		6B25652121A5329500BFBF94 /* Assets.xcassets */ = {isa = PBXFileReference; lastKnownFileType = folder.assetcatalog; path = Assets.xcassets; sourceTree = "<group>"; };
		6B25652421A5329500BFBF94 /* Base */ = {isa = PBXFileReference; lastKnownFileType = file.storyboard; name = Base; path = Base.lproj/LaunchScreen.storyboard; sourceTree = "<group>"; };
		6B25652621A5329500BFBF94 /* Info.plist */ = {isa = PBXFileReference; lastKnownFileType = text.plist.xml; path = Info.plist; sourceTree = "<group>"; };
/* End PBXFileReference section */

/* Begin PBXFrameworksBuildPhase section */
		6B25651121A5329500BFBF94 /* Frameworks */ = {
			isa = PBXFrameworksBuildPhase;
			buildActionMask = 2147483647;
			files = (
			);
			runOnlyForDeploymentPostprocessing = 0;
		};
/* End PBXFrameworksBuildPhase section */

/* Begin PBXGroup section */
		6B25650B21A5329400BFBF94 = {
			isa = PBXGroup;
			children = (
				6B25651621A5329500BFBF94 /* GitSmaple */,
				6B25651521A5329500BFBF94 /* Products */,
			);
			sourceTree = "<group>";
		};
		6B25651521A5329500BFBF94 /* Products */ = {
			isa = PBXGroup;
			children = (
				6B25651421A5329500BFBF94 /* GitSmaple.app */,
			);
			name = Products;
			sourceTree = "<group>";
		};
		6B25651621A5329500BFBF94 /* GitSmaple */ = {
			isa = PBXGroup;
			children = (
				6B25651721A5329500BFBF94 /* AppDelegate.swift */,
				6B25651921A5329500BFBF94 /* ViewController.swift */,
				6B25651B21A5329500BFBF94 /* Main.storyboard */,
				6B25652121A5329500BFBF94 /* Assets.xcassets */,
				6B25652321A5329500BFBF94 /* LaunchScreen.storyboard */,
				6B25652621A5329500BFBF94 /* Info.plist */,
				6B25651E21A5329500BFBF94 /* GitSmaple.xcdatamodeld */,
			);
			path = GitSmaple;
			sourceTree = "<group>";
		};
/* End PBXGroup section */

/* Begin PBXNativeTarget section */
		6B25651321A5329500BFBF94 /* GitSmaple */ = {
			isa = PBXNativeTarget;
			buildConfigurationList = 6B25652921A5329500BFBF94 /* Build configuration list for PBXNativeTarget "GitSmaple" */;
			buildPhases = (
				6B25651021A5329500BFBF94 /* Sources */,
				6B25651121A5329500BFBF94 /* Frameworks */,
				6B25651221A5329500BFBF94 /* Resources */,
			);
			buildRules = (
			);
			dependencies = (
			);
			name = GitSmaple;
			productName = GitSmaple;
			productReference = 6B25651421A5329500BFBF94 /* GitSmaple.app */;
			productType = "com.apple.product-type.application";
		};
/* End PBXNativeTarget section */

/* Begin PBXProject section */
		6B25650C21A5329500BFBF94 /* Project object */ = {
			isa = PBXProject;
			attributes = {
				LastSwiftUpdateCheck = 0920;
				LastUpgradeCheck = 0920;
				ORGANIZATIONNAME = "JMRIMAC-1";
				TargetAttributes = {
					6B25651321A5329500BFBF94 = {
						CreatedOnToolsVersion = 9.2;
						ProvisioningStyle = Automatic;
					};
				};
			};
			buildConfigurationList = 6B25650F21A5329500BFBF94 /* Build configuration list for PBXProject "GitSmaple" */;
			compatibilityVersion = "Xcode 8.0";
			developmentRegion = en;
			hasScannedForEncodings = 0;
			knownRegions = (
				en,
				Base,
			);
			mainGroup = 6B25650B21A5329400BFBF94;
			productRefGroup = 6B25651521A5329500BFBF94 /* Products */;
			projectDirPath = "";
			projectRoot = "";
			targets = (
				6B25651321A5329500BFBF94 /* GitSmaple */,
			);
		};
/* End PBXProject section */

/* Begin PBXResourcesBuildPhase section */
		6B25651221A5329500BFBF94 /* Resources */ = {
			isa = PBXResourcesBuildPhase;
			buildActionMask = 2147483647;
			files = (
				6B25652521A5329500BFBF94 /* LaunchScreen.storyboard in Resources */,
				6B25652221A5329500BFBF94 /* Assets.xcassets in Resources */,
				6B25651D21A5329500BFBF94 /* Main.storyboard in Resources */,
			);
			runOnlyForDeploymentPostprocessing = 0;
		};
/* End PBXResourcesBuildPhase section */

/* Begin PBXSourcesBuildPhase section */
		6B25651021A5329500BFBF94 /* Sources */ = {
			isa = PBXSourcesBuildPhase;
			buildActionMask = 2147483647;
			files = (
				6B25652021A5329500BFBF94 /* GitSmaple.xcdatamodeld in Sources */,
				6B25651A21A5329500BFBF94 /* ViewController.swift in Sources */,
				6B25651821A5329500BFBF94 /* AppDelegate.swift in Sources */,
			);
			runOnlyForDeploymentPostprocessing = 0;
		};
/* End PBXSourcesBuildPhase section */

/* Begin PBXVariantGroup section */
		6B25651B21A5329500BFBF94 /* Main.storyboard */ = {
			isa = PBXVariantGroup;
			children = (
				6B25651C21A5329500BFBF94 /* Base */,
			);
			name = Main.storyboard;
			sourceTree = "<group>";
		};
		6B25652321A5329500BFBF94 /* LaunchScreen.storyboard */ = {
			isa = PBXVariantGroup;
			children = (
				6B25652421A5329500BFBF94 /* Base */,
			);
			name = LaunchScreen.storyboard;
			sourceTree = "<group>";
		};
/* End PBXVariantGroup section */

/* Begin XCBuildConfiguration section */
		6B25652721A5329500BFBF94 /* Debug */ = {
			isa = XCBuildConfiguration;
			buildSettings = {
				ALWAYS_SEARCH_USER_PATHS = NO;
				CLANG_ANALYZER_NONNULL = YES;
				CLANG_ANALYZER_NUMBER_OBJECT_CONVERSION = YES_AGGRESSIVE;
				CLANG_CXX_LANGUAGE_STANDARD = "gnu++14";
				CLANG_CXX_LIBRARY = "libc++";
				CLANG_ENABLE_MODULES = YES;
				CLANG_ENABLE_OBJC_ARC = YES;
				CLANG_WARN_BLOCK_CAPTURE_AUTORELEASING = YES;
				CLANG_WARN_BOOL_CONVERSION = YES;
				CLANG_WARN_COMMA = YES;
				CLANG_WARN_CONSTANT_CONVERSION = YES;
				CLANG_WARN_DIRECT_OBJC_ISA_USAGE = YES_ERROR;
				CLANG_WARN_DOCUMENTATION_COMMENTS = YES;
				CLANG_WARN_EMPTY_BODY = YES;
				CLANG_WARN_ENUM_CONVERSION = YES;
				CLANG_WARN_INFINITE_RECURSION = YES;
				CLANG_WARN_INT_CONVERSION = YES;
				CLANG_WARN_NON_LITERAL_NULL_CONVERSION = YES;
				CLANG_WARN_OBJC_LITERAL_CONVERSION = YES;
				CLANG_WARN_OBJC_ROOT_CLASS = YES_ERROR;
				CLANG_WARN_RANGE_LOOP_ANALYSIS = YES;
				CLANG_WARN_STRICT_PROTOTYPES = YES;
				CLANG_WARN_SUSPICIOUS_MOVE = YES;
				CLANG_WARN_UNGUARDED_AVAILABILITY = YES_AGGRESSIVE;
				CLANG_WARN_UNREACHABLE_CODE = YES;
				CLANG_WARN__DUPLICATE_METHOD_MATCH = YES;
				CODE_SIGN_IDENTITY = "iPhone Developer";
				COPY_PHASE_STRIP = NO;
				DEBUG_INFORMATION_FORMAT = dwarf;
				ENABLE_STRICT_OBJC_MSGSEND = YES;
				ENABLE_TESTABILITY = YES;
				GCC_C_LANGUAGE_STANDARD = gnu11;
				GCC_DYNAMIC_NO_PIC = NO;
				GCC_NO_COMMON_BLOCKS = YES;
				GCC_OPTIMIZATION_LEVEL = 0;
				GCC_PREPROCESSOR_DEFINITIONS = (
					"DEBUG=1",
					"$(inherited)",
				);
				GCC_WARN_64_TO_32_BIT_CONVERSION = YES;
				GCC_WARN_ABOUT_RETURN_TYPE = YES_ERROR;
				GCC_WARN_UNDECLARED_SELECTOR = YES;
				GCC_WARN_UNINITIALIZED_AUTOS = YES_AGGRESSIVE;
				GCC_WARN_UNUSED_FUNCTION = YES;
				GCC_WARN_UNUSED_VARIABLE = YES;
				IPHONEOS_DEPLOYMENT_TARGET = 11.2;
				MTL_ENABLE_DEBUG_INFO = YES;
				ONLY_ACTIVE_ARCH = YES;
				SDKROOT = iphoneos;
				SWIFT_ACTIVE_COMPILATION_CONDITIONS = DEBUG;
				SWIFT_OPTIMIZATION_LEVEL = "-Onone";
			};
			name = Debug;
		};
		6B25652821A5329500BFBF94 /* Release */ = {
			isa = XCBuildConfiguration;
			buildSettings = {
				ALWAYS_SEARCH_USER_PATHS = NO;
				CLANG_ANALYZER_NONNULL = YES;
				CLANG_ANALYZER_NUMBER_OBJECT_CONVERSION = YES_AGGRESSIVE;
				CLANG_CXX_LANGUAGE_STANDARD = "gnu++14";
				CLANG_CXX_LIBRARY = "libc++";
				CLANG_ENABLE_MODULES = YES;
				CLANG_ENABLE_OBJC_ARC = YES;
				CLANG_WARN_BLOCK_CAPTURE_AUTORELEASING = YES;
				CLANG_WARN_BOOL_CONVERSION = YES;
				CLANG_WARN_COMMA = YES;
				CLANG_WARN_CONSTANT_CONVERSION = YES;
				CLANG_WARN_DIRECT_OBJC_ISA_USAGE = YES_ERROR;
				CLANG_WARN_DOCUMENTATION_COMMENTS = YES;
				CLANG_WARN_EMPTY_BODY = YES;
				CLANG_WARN_ENUM_CONVERSION = YES;
				CLANG_WARN_INFINITE_RECURSION = YES;
				CLANG_WARN_INT_CONVERSION = YES;
				CLANG_WARN_NON_LITERAL_NULL_CONVERSION = YES;
				CLANG_WARN_OBJC_LITERAL_CONVERSION = YES;
				CLANG_WARN_OBJC_ROOT_CLASS = YES_ERROR;
				CLANG_WARN_RANGE_LOOP_ANALYSIS = YES;
				CLANG_WARN_STRICT_PROTOTYPES = YES;
				CLANG_WARN_SUSPICIOUS_MOVE = YES;
				CLANG_WARN_UNGUARDED_AVAILABILITY = YES_AGGRESSIVE;
				CLANG_WARN_UNREACHABLE_CODE = YES;
				CLANG_WARN__DUPLICATE_METHOD_MATCH = YES;
				CODE_SIGN_IDENTITY = "iPhone Developer";
				COPY_PHASE_STRIP = NO;
				DEBUG_INFORMATION_FORMAT = "dwarf-with-dsym";
				ENABLE_NS_ASSERTIONS = NO;
				ENABLE_STRICT_OBJC_MSGSEND = YES;
				GCC_C_LANGUAGE_STANDARD = gnu11;
				GCC_NO_COMMON_BLOCKS = YES;
				GCC_WARN_64_TO_32_BIT_CONVERSION = YES;
				GCC_WARN_ABOUT_RETURN_TYPE = YES_ERROR;
				GCC_WARN_UNDECLARED_SELECTOR = YES;
				GCC_WARN_UNINITIALIZED_AUTOS = YES_AGGRESSIVE;
				GCC_WARN_UNUSED_FUNCTION = YES;
				GCC_WARN_UNUSED_VARIABLE = YES;
				IPHONEOS_DEPLOYMENT_TARGET = 11.2;
				MTL_ENABLE_DEBUG_INFO = NO;
				SDKROOT = iphoneos;
				SWIFT_OPTIMIZATION_LEVEL = "-Owholemodule";
				VALIDATE_PRODUCT = YES;
			};
			name = Release;
		};
		6B25652A21A5329500BFBF94 /* Debug */ = {
			isa = XCBuildConfiguration;
			buildSettings = {
				ASSETCATALOG_COMPILER_APPICON_NAME = AppIcon;
				CODE_SIGN_STYLE = Automatic;
				INFOPLIST_FILE = GitSmaple/Info.plist;
				LD_RUNPATH_SEARCH_PATHS = "$(inherited) @executable_path/Frameworks";
				PRODUCT_BUNDLE_IDENTIFIER = com..GitSmaple;
				PRODUCT_NAME = "$(TARGET_NAME)";
				SWIFT_VERSION = 4.0;
				TARGETED_DEVICE_FAMILY = "1,2";
			};
			name = Debug;
		};
		6B25652B21A5329500BFBF94 /* Release */ = {
			isa = XCBuildConfiguration;
			buildSettings = {
				ASSETCATALOG_COMPILER_APPICON_NAME = AppIcon;
				CODE_SIGN_STYLE = Automatic;
				INFOPLIST_FILE = GitSmaple/Info.plist;
				LD_RUNPATH_SEARCH_PATHS = "$(inherited) @executable_path/Frameworks";
				PRODUCT_BUNDLE_IDENTIFIER = com..GitSmaple;
				PRODUCT_NAME = "$(TARGET_NAME)";
				SWIFT_VERSION = 4.0;
				TARGETED_DEVICE_FAMILY = "1,2";
			};
			name = Release;
		};
/* End XCBuildConfiguration section */

/* Begin XCConfigurationList section */
		6B25650F21A5329500BFBF94 /* Build configuration list for PBXProject "GitSmaple" */ = {
			isa = XCConfigurationList;
			buildConfigurations = (
				6B25652721A5329500BFBF94 /* Debug */,
				6B25652821A5329500BFBF94 /* Release */,
			);
			defaultConfigurationIsVisible = 0;
			defaultConfigurationName = Release;
		};
		6B25652921A5329500BFBF94 /* Build configuration list for PBXNativeTarget "GitSmaple" */ = {
			isa = XCConfigurationList;
			buildConfigurations = (
				6B25652A21A5329500BFBF94 /* Debug */,
				6B25652B21A5329500BFBF94 /* Release */,
			);
			defaultConfigurationIsVisible = 0;
			defaultConfigurationName = Release;
		};
/* End XCConfigurationList section */

/* Begin XCVersionGroup section */
		6B25651E21A5329500BFBF94 /* GitSmaple.xcdatamodeld */ = {
			isa = XCVersionGroup;
			children = (
				6B25651F21A5329500BFBF94 /* GitSmaple.xcdatamodel */,
			);
			currentVersion = 6B25651F21A5329500BFBF94 /* GitSmaple.xcdatamodel */;
			path = GitSmaple.xcdatamodeld;
			sourceTree = "<group>";
			versionGroupType = wrapper.xcdatamodel;
		};
/* End XCVersionGroup section */
	};
	rootObject = 6B25650C21A5329500BFBF94 /* Project object */;
}
